
Microsoft Visual Studio Solution File, Format Version 12.00
# Visual Studio Version 17
VisualStudioVersion = 17.2.32616.157
MinimumVisualStudioVersion = 10.0.40219.1
Project("{9A19103F-16F7-4668-BE54-9A1E7A4F7556}") = "A320_Cockpit", "A320_Cockpit.csproj", "{0BFE11C2-86E1-4BB3-8BA5-352E81187791}"
EndProject
Global
	GlobalSection(SolutionConfigurationPlatforms) = preSolution
		Debug|Any CPU = Debug|Any CPU
		Debug|MSFS = Debug|MSFS
		Debug|x64 = Debug|x64
		Release|Any CPU = Release|Any CPU
		Release|MSFS = Release|MSFS
		Release|x64 = Release|x64
	EndGlobalSection
	GlobalSection(ProjectConfigurationPlatforms) = postSolution
		{0BFE11C2-86E1-4BB3-8BA5-352E81187791}.Debug|Any CPU.ActiveCfg = Debug|Any CPU
		{0BFE11C2-86E1-4BB3-8BA5-352E81187791}.Debug|Any CPU.Build.0 = Debug|Any CPU
		{0BFE11C2-86E1-4BB3-8BA5-352E81187791}.Debug|MSFS.ActiveCfg = Debug|Any CPU
		{0BFE11C2-86E1-4BB3-8BA5-352E81187791}.Debug|MSFS.Build.0 = Debug|Any CPU
		{0BFE11C2-86E1-4BB3-8BA5-352E81187791}.Debug|x64.ActiveCfg = Debug|x64
		{0BFE11C2-86E1-4BB3-8BA5-352E81187791}.Debug|x64.Build.0 = Debug|x64
		{0BFE11C2-86E1-4BB3-8BA5-352E81187791}.Release|Any CPU.ActiveCfg = Release|Any CPU
		{0BFE11C2-86E1-4BB3-8BA5-352E81187791}.Release|Any CPU.Build.0 = Release|Any CPU
		{0BFE11C2-86E1-4BB3-8BA5-352E81187791}.Release|MSFS.ActiveCfg = Release|Any CPU
		{0BFE11C2-86E1-4BB3-8BA5-352E81187791}.Release|MSFS.Build.0 = Release|Any CPU
		{0BFE11C2-86E1-4BB3-8BA5-352E81187791}.Release|x64.ActiveCfg = Release|x64
		{0BFE11C2-86E1-4BB3-8BA5-352E81187791}.Release|x64.Build.0 = Release|x64
	EndGlobalSection
	GlobalSection(SolutionProperties) = preSolution
		HideSolutionNode = FALSE
	EndGlobalSection
	GlobalSection(ExtensibilityGlobals) = postSolution
		SolutionGuid = {9B2BE0CA-FE5C-4407-B797-1935883217FA}
	EndGlobalSection
EndGlobal
